
Microsoft Visual Studio Solution File, Format Version 12.00
# Visual Studio Version 16
VisualStudioVersion = 25.0.1704.0
MinimumVisualStudioVersion = 10.0.40219.1
Project("{FAE04EC0-301F-11D3-BF4B-00C04F79EFBC}") = "RoundedDoubleValue", "RoundedDoubleValue.csproj", "{07A7F677-7293-454D-A4D4-4FAD0CC8DBE8}"
EndProject
Global
	GlobalSection(SolutionConfigurationPlatforms) = preSolution
		Debug|Any CPU = Debug|Any CPU
		Release|Any CPU = Release|Any CPU
	EndGlobalSection
	GlobalSection(ProjectConfigurationPlatforms) = postSolution
		{07A7F677-7293-454D-A4D4-4FAD0CC8DBE8}.Debug|Any CPU.ActiveCfg = Debug|Any CPU
		{07A7F677-7293-454D-A4D4-4FAD0CC8DBE8}.Debug|Any CPU.Build.0 = Debug|Any CPU
		{07A7F677-7293-454D-A4D4-4FAD0CC8DBE8}.Release|Any CPU.ActiveCfg = Release|Any CPU
		{07A7F677-7293-454D-A4D4-4FAD0CC8DBE8}.Release|Any CPU.Build.0 = Release|Any CPU
	EndGlobalSection
	GlobalSection(SolutionProperties) = preSolution
		HideSolutionNode = FALSE
	EndGlobalSection
	GlobalSection(ExtensibilityGlobals) = postSolution
		SolutionGuid = {45E94D6B-06A9-481C-AD1C-D1255C778F2B}
	EndGlobalSection
EndGlobal
